// !$*UTF8*$!
{
	archiveVersion = 1;
	classes = {
	};
	objectVersion = 55;
	objects = {

/* Begin PBXBuildFile section */
		4544C83E2860F72300D7B8AB /* JsonPlaceholderPhotoSwiftUIApp.swift in Sources */ = {isa = PBXBuildFile; fileRef = 4544C83D2860F72300D7B8AB /* JsonPlaceholderPhotoSwiftUIApp.swift */; };
		4544C8402860F72300D7B8AB /* HomeView.swift in Sources */ = {isa = PBXBuildFile; fileRef = 4544C83F2860F72300D7B8AB /* HomeView.swift */; };
		4544C8422860F72400D7B8AB /* Assets.xcassets in Resources */ = {isa = PBXBuildFile; fileRef = 4544C8412860F72400D7B8AB /* Assets.xcassets */; };
		4544C8452860F72400D7B8AB /* Preview Assets.xcassets in Resources */ = {isa = PBXBuildFile; fileRef = 4544C8442860F72400D7B8AB /* Preview Assets.xcassets */; };
		4544C84D2860F73A00D7B8AB /* APIHandler.swift in Sources */ = {isa = PBXBuildFile; fileRef = 4544C84C2860F73A00D7B8AB /* APIHandler.swift */; };
		4544C8502860F76200D7B8AB /* Constant.swift in Sources */ = {isa = PBXBuildFile; fileRef = 4544C84F2860F76200D7B8AB /* Constant.swift */; };
		4544C8532860F77C00D7B8AB /* Photo.swift in Sources */ = {isa = PBXBuildFile; fileRef = 4544C8522860F77C00D7B8AB /* Photo.swift */; };
		4544C8562860F7C400D7B8AB /* HomeViewModel.swift in Sources */ = {isa = PBXBuildFile; fileRef = 4544C8552860F7C400D7B8AB /* HomeViewModel.swift */; };
		4544C8592860FAA400D7B8AB /* SDWebImageSwiftUI in Frameworks */ = {isa = PBXBuildFile; productRef = 4544C8582860FAA400D7B8AB /* SDWebImageSwiftUI */; };
		4544C85C2860FE1900D7B8AB /* DetailView.swift in Sources */ = {isa = PBXBuildFile; fileRef = 4544C85B2860FE1900D7B8AB /* DetailView.swift */; };
/* End PBXBuildFile section */

/* Begin PBXFileReference section */
		4544C83A2860F72300D7B8AB /* JsonPlaceholderPhotoSwiftUI.app */ = {isa = PBXFileReference; explicitFileType = wrapper.application; includeInIndex = 0; path = JsonPlaceholderPhotoSwiftUI.app; sourceTree = BUILT_PRODUCTS_DIR; };
		4544C83D2860F72300D7B8AB /* JsonPlaceholderPhotoSwiftUIApp.swift */ = {isa = PBXFileReference; lastKnownFileType = sourcecode.swift; path = JsonPlaceholderPhotoSwiftUIApp.swift; sourceTree = "<group>"; };
		4544C83F2860F72300D7B8AB /* HomeView.swift */ = {isa = PBXFileReference; lastKnownFileType = sourcecode.swift; path = HomeView.swift; sourceTree = "<group>"; };
		4544C8412860F72400D7B8AB /* Assets.xcassets */ = {isa = PBXFileReference; lastKnownFileType = folder.assetcatalog; path = Assets.xcassets; sourceTree = "<group>"; };
		4544C8442860F72400D7B8AB /* Preview Assets.xcassets */ = {isa = PBXFileReference; lastKnownFileType = folder.assetcatalog; path = "Preview Assets.xcassets"; sourceTree = "<group>"; };
		4544C84C2860F73A00D7B8AB /* APIHandler.swift */ = {isa = PBXFileReference; lastKnownFileType = sourcecode.swift; path = APIHandler.swift; sourceTree = "<group>"; };
		4544C84F2860F76200D7B8AB /* Constant.swift */ = {isa = PBXFileReference; lastKnownFileType = sourcecode.swift; path = Constant.swift; sourceTree = "<group>"; };
		4544C8522860F77C00D7B8AB /* Photo.swift */ = {isa = PBXFileReference; lastKnownFileType = sourcecode.swift; path = Photo.swift; sourceTree = "<group>"; };
		4544C8552860F7C400D7B8AB /* HomeViewModel.swift */ = {isa = PBXFileReference; lastKnownFileType = sourcecode.swift; path = HomeViewModel.swift; sourceTree = "<group>"; };
		4544C85B2860FE1900D7B8AB /* DetailView.swift */ = {isa = PBXFileReference; lastKnownFileType = sourcecode.swift; path = DetailView.swift; sourceTree = "<group>"; };
/* End PBXFileReference section */

/* Begin PBXFrameworksBuildPhase section */
		4544C8372860F72300D7B8AB /* Frameworks */ = {
			isa = PBXFrameworksBuildPhase;
			buildActionMask = 2147483647;
			files = (
				4544C8592860FAA400D7B8AB /* SDWebImageSwiftUI in Frameworks */,
			);
			runOnlyForDeploymentPostprocessing = 0;
		};
/* End PBXFrameworksBuildPhase section */

/* Begin PBXGroup section */
		4544C8312860F72300D7B8AB = {
			isa = PBXGroup;
			children = (
				4544C83C2860F72300D7B8AB /* JsonPlaceholderPhotoSwiftUI */,
				4544C83B2860F72300D7B8AB /* Products */,
			);
			sourceTree = "<group>";
		};
		4544C83B2860F72300D7B8AB /* Products */ = {
			isa = PBXGroup;
			children = (
				4544C83A2860F72300D7B8AB /* JsonPlaceholderPhotoSwiftUI.app */,
			);
			name = Products;
			sourceTree = "<group>";
		};
		4544C83C2860F72300D7B8AB /* JsonPlaceholderPhotoSwiftUI */ = {
			isa = PBXGroup;
			children = (
				4544C85A2860FE0D00D7B8AB /* View */,
				4544C8542860F7BC00D7B8AB /* ViewModel */,
				4544C8512860F77200D7B8AB /* Model */,
				4544C84E2860F75D00D7B8AB /* Global */,
				4544C84B2860F73100D7B8AB /* Networking */,
				4544C83D2860F72300D7B8AB /* JsonPlaceholderPhotoSwiftUIApp.swift */,
				4544C83F2860F72300D7B8AB /* HomeView.swift */,
				4544C8412860F72400D7B8AB /* Assets.xcassets */,
				4544C8432860F72400D7B8AB /* Preview Content */,
			);
			path = JsonPlaceholderPhotoSwiftUI;
			sourceTree = "<group>";
		};
		4544C8432860F72400D7B8AB /* Preview Content */ = {
			isa = PBXGroup;
			children = (
				4544C8442860F72400D7B8AB /* Preview Assets.xcassets */,
			);
			path = "Preview Content";
			sourceTree = "<group>";
		};
		4544C84B2860F73100D7B8AB /* Networking */ = {
			isa = PBXGroup;
			children = (
				4544C84C2860F73A00D7B8AB /* APIHandler.swift */,
			);
			path = Networking;
			sourceTree = "<group>";
		};
		4544C84E2860F75D00D7B8AB /* Global */ = {
			isa = PBXGroup;
			children = (
				4544C84F2860F76200D7B8AB /* Constant.swift */,
			);
			path = Global;
			sourceTree = "<group>";
		};
		4544C8512860F77200D7B8AB /* Model */ = {
			isa = PBXGroup;
			children = (
				4544C8522860F77C00D7B8AB /* Photo.swift */,
			);
			path = Model;
			sourceTree = "<group>";
		};
		4544C8542860F7BC00D7B8AB /* ViewModel */ = {
			isa = PBXGroup;
			children = (
				4544C8552860F7C400D7B8AB /* HomeViewModel.swift */,
			);
			path = ViewModel;
			sourceTree = "<group>";
		};
		4544C85A2860FE0D00D7B8AB /* View */ = {
			isa = PBXGroup;
			children = (
				4544C85B2860FE1900D7B8AB /* DetailView.swift */,
			);
			path = View;
			sourceTree = "<group>";
		};
/* End PBXGroup section */

/* Begin PBXNativeTarget section */
		4544C8392860F72300D7B8AB /* JsonPlaceholderPhotoSwiftUI */ = {
			isa = PBXNativeTarget;
			buildConfigurationList = 4544C8482860F72400D7B8AB /* Build configuration list for PBXNativeTarget "JsonPlaceholderPhotoSwiftUI" */;
			buildPhases = (
				4544C8362860F72300D7B8AB /* Sources */,
				4544C8372860F72300D7B8AB /* Frameworks */,
				4544C8382860F72300D7B8AB /* Resources */,
			);
			buildRules = (
			);
			dependencies = (
			);
			name = JsonPlaceholderPhotoSwiftUI;
			packageProductDependencies = (
				4544C8582860FAA400D7B8AB /* SDWebImageSwiftUI */,
			);
			productName = JsonPlaceholderPhotoSwiftUI;
			productReference = 4544C83A2860F72300D7B8AB /* JsonPlaceholderPhotoSwiftUI.app */;
			productType = "com.apple.product-type.application";
		};
/* End PBXNativeTarget section */

/* Begin PBXProject section */
		4544C8322860F72300D7B8AB /* Project object */ = {
			isa = PBXProject;
			attributes = {
				BuildIndependentTargetsInParallel = 1;
				LastSwiftUpdateCheck = 1340;
				LastUpgradeCheck = 1340;
				TargetAttributes = {
					4544C8392860F72300D7B8AB = {
						CreatedOnToolsVersion = 13.4;
					};
				};
			};
			buildConfigurationList = 4544C8352860F72300D7B8AB /* Build configuration list for PBXProject "JsonPlaceholderPhotoSwiftUI" */;
			compatibilityVersion = "Xcode 13.0";
			developmentRegion = en;
			hasScannedForEncodings = 0;
			knownRegions = (
				en,
				Base,
			);
			mainGroup = 4544C8312860F72300D7B8AB;
			packageReferences = (
				4544C8572860FAA400D7B8AB /* XCRemoteSwiftPackageReference "SDWebImageSwiftUI" */,
			);
			productRefGroup = 4544C83B2860F72300D7B8AB /* Products */;
			projectDirPath = "";
			projectRoot = "";
			targets = (
				4544C8392860F72300D7B8AB /* JsonPlaceholderPhotoSwiftUI */,
			);
		};
/* End PBXProject section */

/* Begin PBXResourcesBuildPhase section */
		4544C8382860F72300D7B8AB /* Resources */ = {
			isa = PBXResourcesBuildPhase;
			buildActionMask = 2147483647;
			files = (
				4544C8452860F72400D7B8AB /* Preview Assets.xcassets in Resources */,
				4544C8422860F72400D7B8AB /* Assets.xcassets in Resources */,
			);
			runOnlyForDeploymentPostprocessing = 0;
		};
/* End PBXResourcesBuildPhase section */

/* Begin PBXSourcesBuildPhase section */
		4544C8362860F72300D7B8AB /* Sources */ = {
			isa = PBXSourcesBuildPhase;
			buildActionMask = 2147483647;
			files = (
				4544C84D2860F73A00D7B8AB /* APIHandler.swift in Sources */,
				4544C8562860F7C400D7B8AB /* HomeViewModel.swift in Sources */,
				4544C8402860F72300D7B8AB /* HomeView.swift in Sources */,
				4544C85C2860FE1900D7B8AB /* DetailView.swift in Sources */,
				4544C83E2860F72300D7B8AB /* JsonPlaceholderPhotoSwiftUIApp.swift in Sources */,
				4544C8502860F76200D7B8AB /* Constant.swift in Sources */,
				4544C8532860F77C00D7B8AB /* Photo.swift in Sources */,
			);
			runOnlyForDeploymentPostprocessing = 0;
		};
/* End PBXSourcesBuildPhase section */

/* Begin XCBuildConfiguration section */
		4544C8462860F72400D7B8AB /* Debug */ = {
			isa = XCBuildConfiguration;
			buildSettings = {
				ALWAYS_SEARCH_USER_PATHS = NO;
				CLANG_ANALYZER_NONNULL = YES;
				CLANG_ANALYZER_NUMBER_OBJECT_CONVERSION = YES_AGGRESSIVE;
				CLANG_CXX_LANGUAGE_STANDARD = "gnu++17";
				CLANG_ENABLE_MODULES = YES;
				CLANG_ENABLE_OBJC_ARC = YES;
				CLANG_ENABLE_OBJC_WEAK = YES;
				CLANG_WARN_BLOCK_CAPTURE_AUTORELEASING = YES;
				CLANG_WARN_BOOL_CONVERSION = YES;
				CLANG_WARN_COMMA = YES;
				CLANG_WARN_CONSTANT_CONVERSION = YES;
				CLANG_WARN_DEPRECATED_OBJC_IMPLEMENTATIONS = YES;
				CLANG_WARN_DIRECT_OBJC_ISA_USAGE = YES_ERROR;
				CLANG_WARN_DOCUMENTATION_COMMENTS = YES;
				CLANG_WARN_EMPTY_BODY = YES;
				CLANG_WARN_ENUM_CONVERSION = YES;
				CLANG_WARN_INFINITE_RECURSION = YES;
				CLANG_WARN_INT_CONVERSION = YES;
				CLANG_WARN_NON_LITERAL_NULL_CONVERSION = YES;
				CLANG_WARN_OBJC_IMPLICIT_RETAIN_SELF = YES;
				CLANG_WARN_OBJC_LITERAL_CONVERSION = YES;
				CLANG_WARN_OBJC_ROOT_CLASS = YES_ERROR;
				CLANG_WARN_QUOTED_INCLUDE_IN_FRAMEWORK_HEADER = YES;
				CLANG_WARN_RANGE_LOOP_ANALYSIS = YES;
				CLANG_WARN_STRICT_PROTOTYPES = YES;
				CLANG_WARN_SUSPICIOUS_MOVE = YES;
				CLANG_WARN_UNGUARDED_AVAILABILITY = YES_AGGRESSIVE;
				CLANG_WARN_UNREACHABLE_CODE = YES;
				CLANG_WARN__DUPLICATE_METHOD_MATCH = YES;
				COPY_PHASE_STRIP = NO;
				DEBUG_INFORMATION_FORMAT = dwarf;
				ENABLE_STRICT_OBJC_MSGSEND = YES;
				ENABLE_TESTABILITY = YES;
				GCC_C_LANGUAGE_STANDARD = gnu11;
				GCC_DYNAMIC_NO_PIC = NO;
				GCC_NO_COMMON_BLOCKS = YES;
				GCC_OPTIMIZATION_LEVEL = 0;
				GCC_PREPROCESSOR_DEFINITIONS = (
					"DEBUG=1",
					"$(inherited)",
				);
				GCC_WARN_64_TO_32_BIT_CONVERSION = YES;
				GCC_WARN_ABOUT_RETURN_TYPE = YES_ERROR;
				GCC_WARN_UNDECLARED_SELECTOR = YES;
				GCC_WARN_UNINITIALIZED_AUTOS = YES_AGGRESSIVE;
				GCC_WARN_UNUSED_FUNCTION = YES;
				GCC_WARN_UNUSED_VARIABLE = YES;
				IPHONEOS_DEPLOYMENT_TARGET = 15.5;
				MTL_ENABLE_DEBUG_INFO = INCLUDE_SOURCE;
				MTL_FAST_MATH = YES;
				ONLY_ACTIVE_ARCH = YES;
				SDKROOT = iphoneos;
				SWIFT_ACTIVE_COMPILATION_CONDITIONS = DEBUG;
				SWIFT_OPTIMIZATION_LEVEL = "-Onone";
			};
			name = Debug;
		};
		4544C8472860F72400D7B8AB /* Release */ = {
			isa = XCBuildConfiguration;
			buildSettings = {
				ALWAYS_SEARCH_USER_PATHS = NO;
				CLANG_ANALYZER_NONNULL = YES;
				CLANG_ANALYZER_NUMBER_OBJECT_CONVERSION = YES_AGGRESSIVE;
				CLANG_CXX_LANGUAGE_STANDARD = "gnu++17";
				CLANG_ENABLE_MODULES = YES;
				CLANG_ENABLE_OBJC_ARC = YES;
				CLANG_ENABLE_OBJC_WEAK = YES;
				CLANG_WARN_BLOCK_CAPTURE_AUTORELEASING = YES;
				CLANG_WARN_BOOL_CONVERSION = YES;
				CLANG_WARN_COMMA = YES;
				CLANG_WARN_CONSTANT_CONVERSION = YES;
				CLANG_WARN_DEPRECATED_OBJC_IMPLEMENTATIONS = YES;
				CLANG_WARN_DIRECT_OBJC_ISA_USAGE = YES_ERROR;
				CLANG_WARN_DOCUMENTATION_COMMENTS = YES;
				CLANG_WARN_EMPTY_BODY = YES;
				CLANG_WARN_ENUM_CONVERSION = YES;
				CLANG_WARN_INFINITE_RECURSION = YES;
				CLANG_WARN_INT_CONVERSION = YES;
				CLANG_WARN_NON_LITERAL_NULL_CONVERSION = YES;
				CLANG_WARN_OBJC_IMPLICIT_RETAIN_SELF = YES;
				CLANG_WARN_OBJC_LITERAL_CONVERSION = YES;
				CLANG_WARN_OBJC_ROOT_CLASS = YES_ERROR;
				CLANG_WARN_QUOTED_INCLUDE_IN_FRAMEWORK_HEADER = YES;
				CLANG_WARN_RANGE_LOOP_ANALYSIS = YES;
				CLANG_WARN_STRICT_PROTOTYPES = YES;
				CLANG_WARN_SUSPICIOUS_MOVE = YES;
				CLANG_WARN_UNGUARDED_AVAILABILITY = YES_AGGRESSIVE;
				CLANG_WARN_UNREACHABLE_CODE = YES;
				CLANG_WARN__DUPLICATE_METHOD_MATCH = YES;
				COPY_PHASE_STRIP = NO;
				DEBUG_INFORMATION_FORMAT = "dwarf-with-dsym";
				ENABLE_NS_ASSERTIONS = NO;
				ENABLE_STRICT_OBJC_MSGSEND = YES;
				GCC_C_LANGUAGE_STANDARD = gnu11;
				GCC_NO_COMMON_BLOCKS = YES;
				GCC_WARN_64_TO_32_BIT_CONVERSION = YES;
				GCC_WARN_ABOUT_RETURN_TYPE = YES_ERROR;
				GCC_WARN_UNDECLARED_SELECTOR = YES;
				GCC_WARN_UNINITIALIZED_AUTOS = YES_AGGRESSIVE;
				GCC_WARN_UNUSED_FUNCTION = YES;
				GCC_WARN_UNUSED_VARIABLE = YES;
				IPHONEOS_DEPLOYMENT_TARGET = 15.5;
				MTL_ENABLE_DEBUG_INFO = NO;
				MTL_FAST_MATH = YES;
				SDKROOT = iphoneos;
				SWIFT_COMPILATION_MODE = wholemodule;
				SWIFT_OPTIMIZATION_LEVEL = "-O";
				VALIDATE_PRODUCT = YES;
			};
			name = Release;
		};
		4544C8492860F72400D7B8AB /* Debug */ = {
			isa = XCBuildConfiguration;
			buildSettings = {
				ASSETCATALOG_COMPILER_APPICON_NAME = AppIcon;
				ASSETCATALOG_COMPILER_GLOBAL_ACCENT_COLOR_NAME = AccentColor;
				CODE_SIGN_STYLE = Automatic;
				CURRENT_PROJECT_VERSION = 1;
				DEVELOPMENT_ASSET_PATHS = "\"JsonPlaceholderPhotoSwiftUI/Preview Content\"";
				DEVELOPMENT_TEAM = ZRF6QZUXP5;
				ENABLE_PREVIEWS = YES;
				GENERATE_INFOPLIST_FILE = YES;
				INFOPLIST_KEY_UIApplicationSceneManifest_Generation = YES;
				INFOPLIST_KEY_UIApplicationSupportsIndirectInputEvents = YES;
				INFOPLIST_KEY_UILaunchScreen_Generation = YES;
				INFOPLIST_KEY_UISupportedInterfaceOrientations_iPad = "UIInterfaceOrientationPortrait UIInterfaceOrientationPortraitUpsideDown UIInterfaceOrientationLandscapeLeft UIInterfaceOrientationLandscapeRight";
				INFOPLIST_KEY_UISupportedInterfaceOrientations_iPhone = "UIInterfaceOrientationPortrait UIInterfaceOrientationLandscapeLeft UIInterfaceOrientationLandscapeRight";
				LD_RUNPATH_SEARCH_PATHS = (
					"$(inherited)",
					"@executable_path/Frameworks",
				);
				MARKETING_VERSION = 1.0;
				PRODUCT_BUNDLE_IDENTIFIER = noat.JsonPlaceholderPhotoSwiftUI;
				PRODUCT_NAME = "$(TARGET_NAME)";
				SWIFT_EMIT_LOC_STRINGS = YES;
				SWIFT_VERSION = 5.0;
				TARGETED_DEVICE_FAMILY = "1,2";
			};
			name = Debug;
		};
		4544C84A2860F72400D7B8AB /* Release */ = {
			isa = XCBuildConfiguration;
			buildSettings = {
				ASSETCATALOG_COMPILER_APPICON_NAME = AppIcon;
				ASSETCATALOG_COMPILER_GLOBAL_ACCENT_COLOR_NAME = AccentColor;
				CODE_SIGN_STYLE = Automatic;
				CURRENT_PROJECT_VERSION = 1;
				DEVELOPMENT_ASSET_PATHS = "\"JsonPlaceholderPhotoSwiftUI/Preview Content\"";
				DEVELOPMENT_TEAM = ZRF6QZUXP5;
				ENABLE_PREVIEWS = YES;
				GENERATE_INFOPLIST_FILE = YES;
				INFOPLIST_KEY_UIApplicationSceneManifest_Generation = YES;
				INFOPLIST_KEY_UIApplicationSupportsIndirectInputEvents = YES;
				INFOPLIST_KEY_UILaunchScreen_Generation = YES;
				INFOPLIST_KEY_UISupportedInterfaceOrientations_iPad = "UIInterfaceOrientationPortrait UIInterfaceOrientationPortraitUpsideDown UIInterfaceOrientationLandscapeLeft UIInterfaceOrientationLandscapeRight";
				INFOPLIST_KEY_UISupportedInterfaceOrientations_iPhone = "UIInterfaceOrientationPortrait UIInterfaceOrientationLandscapeLeft UIInterfaceOrientationLandscapeRight";
				LD_RUNPATH_SEARCH_PATHS = (
					"$(inherited)",
					"@executable_path/Frameworks",
				);
				MARKETING_VERSION = 1.0;
				PRODUCT_BUNDLE_IDENTIFIER = noat.JsonPlaceholderPhotoSwiftUI;
				PRODUCT_NAME = "$(TARGET_NAME)";
				SWIFT_EMIT_LOC_STRINGS = YES;
				SWIFT_VERSION = 5.0;
				TARGETED_DEVICE_FAMILY = "1,2";
			};
			name = Release;
		};
/* End XCBuildConfiguration section */

/* Begin XCConfigurationList section */
		4544C8352860F72300D7B8AB /* Build configuration list for PBXProject "JsonPlaceholderPhotoSwiftUI" */ = {
			isa = XCConfigurationList;
			buildConfigurations = (
				4544C8462860F72400D7B8AB /* Debug */,
				4544C8472860F72400D7B8AB /* Release */,
			);
			defaultConfigurationIsVisible = 0;
			defaultConfigurationName = Release;
		};
		4544C8482860F72400D7B8AB /* Build configuration list for PBXNativeTarget "JsonPlaceholderPhotoSwiftUI" */ = {
			isa = XCConfigurationList;
			buildConfigurations = (
				4544C8492860F72400D7B8AB /* Debug */,
				4544C84A2860F72400D7B8AB /* Release */,
			);
			defaultConfigurationIsVisible = 0;
			defaultConfigurationName = Release;
		};
/* End XCConfigurationList section */

/* Begin XCRemoteSwiftPackageReference section */
		4544C8572860FAA400D7B8AB /* XCRemoteSwiftPackageReference "SDWebImageSwiftUI" */ = {
			isa = XCRemoteSwiftPackageReference;
			repositoryURL = "https://github.com/SDWebImage/SDWebImageSwiftUI.git";
			requirement = {
				branch = master;
				kind = branch;
			};
		};
/* End XCRemoteSwiftPackageReference section */

/* Begin XCSwiftPackageProductDependency section */
		4544C8582860FAA400D7B8AB /* SDWebImageSwiftUI */ = {
			isa = XCSwiftPackageProductDependency;
			package = 4544C8572860FAA400D7B8AB /* XCRemoteSwiftPackageReference "SDWebImageSwiftUI" */;
			productName = SDWebImageSwiftUI;
		};
/* End XCSwiftPackageProductDependency section */
	};
	rootObject = 4544C8322860F72300D7B8AB /* Project object */;
}
